
Microsoft Visual Studio Solution File, Format Version 12.00
# Visual Studio Version 17
VisualStudioVersion = 17.2.32526.322
MinimumVisualStudioVersion = 10.0.40219.1
Project("{888888A0-9F3D-457C-B088-3A5042F75D52}") = "PipelinesTestWebsite", "PipelinesTestWebsite.pyproj", "{201ACB88-618F-459D-A45E-96FAF0F189AE}"
EndProject
Project("{FAE04EC0-301F-11D3-BF4B-00C04F79EFBC}") = "SeleniumUnitTestProject", "SeleniumUnitTestProject\SeleniumUnitTestProject.csproj", "{FFBC74C4-D6EB-462B-8B29-4007B95A405E}"
EndProject
Global
	GlobalSection(SolutionConfigurationPlatforms) = preSolution
		Debug|Any CPU = Debug|Any CPU
		Release|Any CPU = Release|Any CPU
	EndGlobalSection
	GlobalSection(ProjectConfigurationPlatforms) = postSolution
		{201ACB88-618F-459D-A45E-96FAF0F189AE}.Debug|Any CPU.ActiveCfg = Debug|Any CPU
		{201ACB88-618F-459D-A45E-96FAF0F189AE}.Release|Any CPU.ActiveCfg = Release|Any CPU
		{FFBC74C4-D6EB-462B-8B29-4007B95A405E}.Debug|Any CPU.ActiveCfg = Debug|Any CPU
		{FFBC74C4-D6EB-462B-8B29-4007B95A405E}.Debug|Any CPU.Build.0 = Debug|Any CPU
		{FFBC74C4-D6EB-462B-8B29-4007B95A405E}.Release|Any CPU.ActiveCfg = Release|Any CPU
		{FFBC74C4-D6EB-462B-8B29-4007B95A405E}.Release|Any CPU.Build.0 = Release|Any CPU
	EndGlobalSection
	GlobalSection(SolutionProperties) = preSolution
		HideSolutionNode = FALSE
	EndGlobalSection
	GlobalSection(ExtensibilityGlobals) = postSolution
		SolutionGuid = {0BF8ED56-D804-4ADC-AA96-CE69E24FFA77}
	EndGlobalSection
EndGlobal
